// !$*UTF8*$!
{
	archiveVersion = 1;
	classes = {
	};
	objectVersion = 55;
	objects = {

/* Begin PBXBuildFile section */
		B80C6E7728A9EC4E00482AC5 /* Temperatura.swift in Sources */ = {isa = PBXBuildFile; fileRef = B80C6E7628A9EC4E00482AC5 /* Temperatura.swift */; };
		B80C6E7B28A9EED000482AC5 /* TemperaturaTests.swift in Sources */ = {isa = PBXBuildFile; fileRef = B80C6E7A28A9EED000482AC5 /* TemperaturaTests.swift */; };
		B80C6E7E28A9F09700482AC5 /* ConvertidorTemperatura.swift in Sources */ = {isa = PBXBuildFile; fileRef = B80C6E7D28A9F09700482AC5 /* ConvertidorTemperatura.swift */; };
		B80C6E8128A9F1CF00482AC5 /* ConvertidorTemperaturaTests.swift in Sources */ = {isa = PBXBuildFile; fileRef = B80C6E8028A9F1CF00482AC5 /* ConvertidorTemperaturaTests.swift */; };
		B8670B3D28A9639E00B5974A /* AppDelegate.swift in Sources */ = {isa = PBXBuildFile; fileRef = B8670B3C28A9639E00B5974A /* AppDelegate.swift */; };
		B8670B3F28A9639E00B5974A /* SceneDelegate.swift in Sources */ = {isa = PBXBuildFile; fileRef = B8670B3E28A9639E00B5974A /* SceneDelegate.swift */; };
		B8670B4128A9639E00B5974A /* ViewController.swift in Sources */ = {isa = PBXBuildFile; fileRef = B8670B4028A9639E00B5974A /* ViewController.swift */; };
		B8670B4428A9639E00B5974A /* Main.storyboard in Resources */ = {isa = PBXBuildFile; fileRef = B8670B4228A9639E00B5974A /* Main.storyboard */; };
		B8670B4628A9639E00B5974A /* Assets.xcassets in Resources */ = {isa = PBXBuildFile; fileRef = B8670B4528A9639E00B5974A /* Assets.xcassets */; };
		B8670B4928A9639E00B5974A /* LaunchScreen.storyboard in Resources */ = {isa = PBXBuildFile; fileRef = B8670B4728A9639E00B5974A /* LaunchScreen.storyboard */; };
		B8670B5E28A9639F00B5974A /* ConvertidorTemperaturaUITests.swift in Sources */ = {isa = PBXBuildFile; fileRef = B8670B5D28A9639F00B5974A /* ConvertidorTemperaturaUITests.swift */; };
/* End PBXBuildFile section */

/* Begin PBXContainerItemProxy section */
		B8670B5028A9639F00B5974A /* PBXContainerItemProxy */ = {
			isa = PBXContainerItemProxy;
			containerPortal = B8670B3128A9639E00B5974A /* Project object */;
			proxyType = 1;
			remoteGlobalIDString = B8670B3828A9639E00B5974A;
			remoteInfo = ConvertidorTemperatura;
		};
		B8670B5A28A9639F00B5974A /* PBXContainerItemProxy */ = {
			isa = PBXContainerItemProxy;
			containerPortal = B8670B3128A9639E00B5974A /* Project object */;
			proxyType = 1;
			remoteGlobalIDString = B8670B3828A9639E00B5974A;
			remoteInfo = ConvertidorTemperatura;
		};
/* End PBXContainerItemProxy section */

/* Begin PBXFileReference section */
		B80C6E7628A9EC4E00482AC5 /* Temperatura.swift */ = {isa = PBXFileReference; lastKnownFileType = sourcecode.swift; path = Temperatura.swift; sourceTree = "<group>"; };
		B80C6E7A28A9EED000482AC5 /* TemperaturaTests.swift */ = {isa = PBXFileReference; lastKnownFileType = sourcecode.swift; path = TemperaturaTests.swift; sourceTree = "<group>"; };
		B80C6E7D28A9F09700482AC5 /* ConvertidorTemperatura.swift */ = {isa = PBXFileReference; lastKnownFileType = sourcecode.swift; path = ConvertidorTemperatura.swift; sourceTree = "<group>"; };
		B80C6E8028A9F1CF00482AC5 /* ConvertidorTemperaturaTests.swift */ = {isa = PBXFileReference; lastKnownFileType = sourcecode.swift; path = ConvertidorTemperaturaTests.swift; sourceTree = "<group>"; };
		B8670B3928A9639E00B5974A /* ConvertidorTemperatura.app */ = {isa = PBXFileReference; explicitFileType = wrapper.application; includeInIndex = 0; path = ConvertidorTemperatura.app; sourceTree = BUILT_PRODUCTS_DIR; };
		B8670B3C28A9639E00B5974A /* AppDelegate.swift */ = {isa = PBXFileReference; lastKnownFileType = sourcecode.swift; path = AppDelegate.swift; sourceTree = "<group>"; };
		B8670B3E28A9639E00B5974A /* SceneDelegate.swift */ = {isa = PBXFileReference; lastKnownFileType = sourcecode.swift; path = SceneDelegate.swift; sourceTree = "<group>"; };
		B8670B4028A9639E00B5974A /* ViewController.swift */ = {isa = PBXFileReference; lastKnownFileType = sourcecode.swift; path = ViewController.swift; sourceTree = "<group>"; };
		B8670B4328A9639E00B5974A /* Base */ = {isa = PBXFileReference; lastKnownFileType = file.storyboard; name = Base; path = Base.lproj/Main.storyboard; sourceTree = "<group>"; };
		B8670B4528A9639E00B5974A /* Assets.xcassets */ = {isa = PBXFileReference; lastKnownFileType = folder.assetcatalog; path = Assets.xcassets; sourceTree = "<group>"; };
		B8670B4828A9639E00B5974A /* Base */ = {isa = PBXFileReference; lastKnownFileType = file.storyboard; name = Base; path = Base.lproj/LaunchScreen.storyboard; sourceTree = "<group>"; };
		B8670B4A28A9639E00B5974A /* Info.plist */ = {isa = PBXFileReference; lastKnownFileType = text.plist.xml; path = Info.plist; sourceTree = "<group>"; };
		B8670B4F28A9639F00B5974A /* ConvertidorTemperaturaTests.xctest */ = {isa = PBXFileReference; explicitFileType = wrapper.cfbundle; includeInIndex = 0; path = ConvertidorTemperaturaTests.xctest; sourceTree = BUILT_PRODUCTS_DIR; };
		B8670B5928A9639F00B5974A /* ConvertidorTemperaturaUITests.xctest */ = {isa = PBXFileReference; explicitFileType = wrapper.cfbundle; includeInIndex = 0; path = ConvertidorTemperaturaUITests.xctest; sourceTree = BUILT_PRODUCTS_DIR; };
		B8670B5D28A9639F00B5974A /* ConvertidorTemperaturaUITests.swift */ = {isa = PBXFileReference; lastKnownFileType = sourcecode.swift; path = ConvertidorTemperaturaUITests.swift; sourceTree = "<group>"; };
/* End PBXFileReference section */

/* Begin PBXFrameworksBuildPhase section */
		B8670B3628A9639E00B5974A /* Frameworks */ = {
			isa = PBXFrameworksBuildPhase;
			buildActionMask = 2147483647;
			files = (
			);
			runOnlyForDeploymentPostprocessing = 0;
		};
		B8670B4C28A9639F00B5974A /* Frameworks */ = {
			isa = PBXFrameworksBuildPhase;
			buildActionMask = 2147483647;
			files = (
			);
			runOnlyForDeploymentPostprocessing = 0;
		};
		B8670B5628A9639F00B5974A /* Frameworks */ = {
			isa = PBXFrameworksBuildPhase;
			buildActionMask = 2147483647;
			files = (
			);
			runOnlyForDeploymentPostprocessing = 0;
		};
/* End PBXFrameworksBuildPhase section */

/* Begin PBXGroup section */
		B80C6E7428A9EBE100482AC5 /* Model */ = {
			isa = PBXGroup;
			children = (
				B80C6E7C28A9F04600482AC5 /* Util */,
				B80C6E7528A9EBF200482AC5 /* ValueObject */,
			);
			path = Model;
			sourceTree = "<group>";
		};
		B80C6E7528A9EBF200482AC5 /* ValueObject */ = {
			isa = PBXGroup;
			children = (
				B80C6E7628A9EC4E00482AC5 /* Temperatura.swift */,
			);
			path = ValueObject;
			sourceTree = "<group>";
		};
		B80C6E7828A9EE9100482AC5 /* Model */ = {
			isa = PBXGroup;
			children = (
				B80C6E7F28A9F19E00482AC5 /* Util */,
				B80C6E7928A9EE9A00482AC5 /* ValueObject */,
			);
			path = Model;
			sourceTree = "<group>";
		};
		B80C6E7928A9EE9A00482AC5 /* ValueObject */ = {
			isa = PBXGroup;
			children = (
				B80C6E7A28A9EED000482AC5 /* TemperaturaTests.swift */,
			);
			path = ValueObject;
			sourceTree = "<group>";
		};
		B80C6E7C28A9F04600482AC5 /* Util */ = {
			isa = PBXGroup;
			children = (
				B80C6E7D28A9F09700482AC5 /* ConvertidorTemperatura.swift */,
			);
			path = Util;
			sourceTree = "<group>";
		};
		B80C6E7F28A9F19E00482AC5 /* Util */ = {
			isa = PBXGroup;
			children = (
				B80C6E8028A9F1CF00482AC5 /* ConvertidorTemperaturaTests.swift */,
			);
			path = Util;
			sourceTree = "<group>";
		};
		B8670B3028A9639E00B5974A = {
			isa = PBXGroup;
			children = (
				B8670B3B28A9639E00B5974A /* ConvertidorTemperatura */,
				B8670B5228A9639F00B5974A /* ConvertidorTemperaturaTests */,
				B8670B5C28A9639F00B5974A /* ConvertidorTemperaturaUITests */,
				B8670B3A28A9639E00B5974A /* Products */,
			);
			sourceTree = "<group>";
		};
		B8670B3A28A9639E00B5974A /* Products */ = {
			isa = PBXGroup;
			children = (
				B8670B3928A9639E00B5974A /* ConvertidorTemperatura.app */,
				B8670B4F28A9639F00B5974A /* ConvertidorTemperaturaTests.xctest */,
				B8670B5928A9639F00B5974A /* ConvertidorTemperaturaUITests.xctest */,
			);
			name = Products;
			sourceTree = "<group>";
		};
		B8670B3B28A9639E00B5974A /* ConvertidorTemperatura */ = {
			isa = PBXGroup;
			children = (
				B80C6E7428A9EBE100482AC5 /* Model */,
				B8670B3C28A9639E00B5974A /* AppDelegate.swift */,
				B8670B3E28A9639E00B5974A /* SceneDelegate.swift */,
				B8670B4028A9639E00B5974A /* ViewController.swift */,
				B8670B4228A9639E00B5974A /* Main.storyboard */,
				B8670B4528A9639E00B5974A /* Assets.xcassets */,
				B8670B4728A9639E00B5974A /* LaunchScreen.storyboard */,
				B8670B4A28A9639E00B5974A /* Info.plist */,
			);
			path = ConvertidorTemperatura;
			sourceTree = "<group>";
		};
		B8670B5228A9639F00B5974A /* ConvertidorTemperaturaTests */ = {
			isa = PBXGroup;
			children = (
				B80C6E7828A9EE9100482AC5 /* Model */,
			);
			path = ConvertidorTemperaturaTests;
			sourceTree = "<group>";
		};
		B8670B5C28A9639F00B5974A /* ConvertidorTemperaturaUITests */ = {
			isa = PBXGroup;
			children = (
				B8670B5D28A9639F00B5974A /* ConvertidorTemperaturaUITests.swift */,
			);
			path = ConvertidorTemperaturaUITests;
			sourceTree = "<group>";
		};
/* End PBXGroup section */

/* Begin PBXNativeTarget section */
		B8670B3828A9639E00B5974A /* ConvertidorTemperatura */ = {
			isa = PBXNativeTarget;
			buildConfigurationList = B8670B6328A9639F00B5974A /* Build configuration list for PBXNativeTarget "ConvertidorTemperatura" */;
			buildPhases = (
				B8670B3528A9639E00B5974A /* Sources */,
				B8670B3628A9639E00B5974A /* Frameworks */,
				B8670B3728A9639E00B5974A /* Resources */,
			);
			buildRules = (
			);
			dependencies = (
			);
			name = ConvertidorTemperatura;
			productName = ConvertidorTemperatura;
			productReference = B8670B3928A9639E00B5974A /* ConvertidorTemperatura.app */;
			productType = "com.apple.product-type.application";
		};
		B8670B4E28A9639F00B5974A /* ConvertidorTemperaturaTests */ = {
			isa = PBXNativeTarget;
			buildConfigurationList = B8670B6628A9639F00B5974A /* Build configuration list for PBXNativeTarget "ConvertidorTemperaturaTests" */;
			buildPhases = (
				B8670B4B28A9639F00B5974A /* Sources */,
				B8670B4C28A9639F00B5974A /* Frameworks */,
				B8670B4D28A9639F00B5974A /* Resources */,
			);
			buildRules = (
			);
			dependencies = (
				B8670B5128A9639F00B5974A /* PBXTargetDependency */,
			);
			name = ConvertidorTemperaturaTests;
			productName = ConvertidorTemperaturaTests;
			productReference = B8670B4F28A9639F00B5974A /* ConvertidorTemperaturaTests.xctest */;
			productType = "com.apple.product-type.bundle.unit-test";
		};
		B8670B5828A9639F00B5974A /* ConvertidorTemperaturaUITests */ = {
			isa = PBXNativeTarget;
			buildConfigurationList = B8670B6928A9639F00B5974A /* Build configuration list for PBXNativeTarget "ConvertidorTemperaturaUITests" */;
			buildPhases = (
				B8670B5528A9639F00B5974A /* Sources */,
				B8670B5628A9639F00B5974A /* Frameworks */,
				B8670B5728A9639F00B5974A /* Resources */,
			);
			buildRules = (
			);
			dependencies = (
				B8670B5B28A9639F00B5974A /* PBXTargetDependency */,
			);
			name = ConvertidorTemperaturaUITests;
			productName = ConvertidorTemperaturaUITests;
			productReference = B8670B5928A9639F00B5974A /* ConvertidorTemperaturaUITests.xctest */;
			productType = "com.apple.product-type.bundle.ui-testing";
		};
/* End PBXNativeTarget section */

/* Begin PBXProject section */
		B8670B3128A9639E00B5974A /* Project object */ = {
			isa = PBXProject;
			attributes = {
				BuildIndependentTargetsInParallel = 1;
				LastSwiftUpdateCheck = 1340;
				LastUpgradeCheck = 1340;
				TargetAttributes = {
					B8670B3828A9639E00B5974A = {
						CreatedOnToolsVersion = 13.4.1;
					};
					B8670B4E28A9639F00B5974A = {
						CreatedOnToolsVersion = 13.4.1;
						TestTargetID = B8670B3828A9639E00B5974A;
					};
					B8670B5828A9639F00B5974A = {
						CreatedOnToolsVersion = 13.4.1;
						TestTargetID = B8670B3828A9639E00B5974A;
					};
				};
			};
			buildConfigurationList = B8670B3428A9639E00B5974A /* Build configuration list for PBXProject "ConvertidorTemperatura" */;
			compatibilityVersion = "Xcode 13.0";
			developmentRegion = en;
			hasScannedForEncodings = 0;
			knownRegions = (
				en,
				Base,
			);
			mainGroup = B8670B3028A9639E00B5974A;
			productRefGroup = B8670B3A28A9639E00B5974A /* Products */;
			projectDirPath = "";
			projectRoot = "";
			targets = (
				B8670B3828A9639E00B5974A /* ConvertidorTemperatura */,
				B8670B4E28A9639F00B5974A /* ConvertidorTemperaturaTests */,
				B8670B5828A9639F00B5974A /* ConvertidorTemperaturaUITests */,
			);
		};
/* End PBXProject section */

/* Begin PBXResourcesBuildPhase section */
		B8670B3728A9639E00B5974A /* Resources */ = {
			isa = PBXResourcesBuildPhase;
			buildActionMask = 2147483647;
			files = (
				B8670B4928A9639E00B5974A /* LaunchScreen.storyboard in Resources */,
				B8670B4628A9639E00B5974A /* Assets.xcassets in Resources */,
				B8670B4428A9639E00B5974A /* Main.storyboard in Resources */,
			);
			runOnlyForDeploymentPostprocessing = 0;
		};
		B8670B4D28A9639F00B5974A /* Resources */ = {
			isa = PBXResourcesBuildPhase;
			buildActionMask = 2147483647;
			files = (
			);
			runOnlyForDeploymentPostprocessing = 0;
		};
		B8670B5728A9639F00B5974A /* Resources */ = {
			isa = PBXResourcesBuildPhase;
			buildActionMask = 2147483647;
			files = (
			);
			runOnlyForDeploymentPostprocessing = 0;
		};
/* End PBXResourcesBuildPhase section */

/* Begin PBXSourcesBuildPhase section */
		B8670B3528A9639E00B5974A /* Sources */ = {
			isa = PBXSourcesBuildPhase;
			buildActionMask = 2147483647;
			files = (
				B8670B4128A9639E00B5974A /* ViewController.swift in Sources */,
				B8670B3D28A9639E00B5974A /* AppDelegate.swift in Sources */,
				B80C6E7728A9EC4E00482AC5 /* Temperatura.swift in Sources */,
				B8670B3F28A9639E00B5974A /* SceneDelegate.swift in Sources */,
				B80C6E7E28A9F09700482AC5 /* ConvertidorTemperatura.swift in Sources */,
			);
			runOnlyForDeploymentPostprocessing = 0;
		};
		B8670B4B28A9639F00B5974A /* Sources */ = {
			isa = PBXSourcesBuildPhase;
			buildActionMask = 2147483647;
			files = (
				B80C6E7B28A9EED000482AC5 /* TemperaturaTests.swift in Sources */,
				B80C6E8128A9F1CF00482AC5 /* ConvertidorTemperaturaTests.swift in Sources */,
			);
			runOnlyForDeploymentPostprocessing = 0;
		};
		B8670B5528A9639F00B5974A /* Sources */ = {
			isa = PBXSourcesBuildPhase;
			buildActionMask = 2147483647;
			files = (
				B8670B5E28A9639F00B5974A /* ConvertidorTemperaturaUITests.swift in Sources */,
			);
			runOnlyForDeploymentPostprocessing = 0;
		};
/* End PBXSourcesBuildPhase section */

/* Begin PBXTargetDependency section */
		B8670B5128A9639F00B5974A /* PBXTargetDependency */ = {
			isa = PBXTargetDependency;
			target = B8670B3828A9639E00B5974A /* ConvertidorTemperatura */;
			targetProxy = B8670B5028A9639F00B5974A /* PBXContainerItemProxy */;
		};
		B8670B5B28A9639F00B5974A /* PBXTargetDependency */ = {
			isa = PBXTargetDependency;
			target = B8670B3828A9639E00B5974A /* ConvertidorTemperatura */;
			targetProxy = B8670B5A28A9639F00B5974A /* PBXContainerItemProxy */;
		};
/* End PBXTargetDependency section */

/* Begin PBXVariantGroup section */
		B8670B4228A9639E00B5974A /* Main.storyboard */ = {
			isa = PBXVariantGroup;
			children = (
				B8670B4328A9639E00B5974A /* Base */,
			);
			name = Main.storyboard;
			sourceTree = "<group>";
		};
		B8670B4728A9639E00B5974A /* LaunchScreen.storyboard */ = {
			isa = PBXVariantGroup;
			children = (
				B8670B4828A9639E00B5974A /* Base */,
			);
			name = LaunchScreen.storyboard;
			sourceTree = "<group>";
		};
/* End PBXVariantGroup section */

/* Begin XCBuildConfiguration section */
		B8670B6128A9639F00B5974A /* Debug */ = {
			isa = XCBuildConfiguration;
			buildSettings = {
				ALWAYS_SEARCH_USER_PATHS = NO;
				CLANG_ANALYZER_NONNULL = YES;
				CLANG_ANALYZER_NUMBER_OBJECT_CONVERSION = YES_AGGRESSIVE;
				CLANG_CXX_LANGUAGE_STANDARD = "gnu++17";
				CLANG_ENABLE_MODULES = YES;
				CLANG_ENABLE_OBJC_ARC = YES;
				CLANG_ENABLE_OBJC_WEAK = YES;
				CLANG_WARN_BLOCK_CAPTURE_AUTORELEASING = YES;
				CLANG_WARN_BOOL_CONVERSION = YES;
				CLANG_WARN_COMMA = YES;
				CLANG_WARN_CONSTANT_CONVERSION = YES;
				CLANG_WARN_DEPRECATED_OBJC_IMPLEMENTATIONS = YES;
				CLANG_WARN_DIRECT_OBJC_ISA_USAGE = YES_ERROR;
				CLANG_WARN_DOCUMENTATION_COMMENTS = YES;
				CLANG_WARN_EMPTY_BODY = YES;
				CLANG_WARN_ENUM_CONVERSION = YES;
				CLANG_WARN_INFINITE_RECURSION = YES;
				CLANG_WARN_INT_CONVERSION = YES;
				CLANG_WARN_NON_LITERAL_NULL_CONVERSION = YES;
				CLANG_WARN_OBJC_IMPLICIT_RETAIN_SELF = YES;
				CLANG_WARN_OBJC_LITERAL_CONVERSION = YES;
				CLANG_WARN_OBJC_ROOT_CLASS = YES_ERROR;
				CLANG_WARN_QUOTED_INCLUDE_IN_FRAMEWORK_HEADER = YES;
				CLANG_WARN_RANGE_LOOP_ANALYSIS = YES;
				CLANG_WARN_STRICT_PROTOTYPES = YES;
				CLANG_WARN_SUSPICIOUS_MOVE = YES;
				CLANG_WARN_UNGUARDED_AVAILABILITY = YES_AGGRESSIVE;
				CLANG_WARN_UNREACHABLE_CODE = YES;
				CLANG_WARN__DUPLICATE_METHOD_MATCH = YES;
				COPY_PHASE_STRIP = NO;
				DEBUG_INFORMATION_FORMAT = dwarf;
				ENABLE_STRICT_OBJC_MSGSEND = YES;
				ENABLE_TESTABILITY = YES;
				GCC_C_LANGUAGE_STANDARD = gnu11;
				GCC_DYNAMIC_NO_PIC = NO;
				GCC_NO_COMMON_BLOCKS = YES;
				GCC_OPTIMIZATION_LEVEL = 0;
				GCC_PREPROCESSOR_DEFINITIONS = (
					"DEBUG=1",
					"$(inherited)",
				);
				GCC_WARN_64_TO_32_BIT_CONVERSION = YES;
				GCC_WARN_ABOUT_RETURN_TYPE = YES_ERROR;
				GCC_WARN_UNDECLARED_SELECTOR = YES;
				GCC_WARN_UNINITIALIZED_AUTOS = YES_AGGRESSIVE;
				GCC_WARN_UNUSED_FUNCTION = YES;
				GCC_WARN_UNUSED_VARIABLE = YES;
				IPHONEOS_DEPLOYMENT_TARGET = 15.5;
				MTL_ENABLE_DEBUG_INFO = INCLUDE_SOURCE;
				MTL_FAST_MATH = YES;
				ONLY_ACTIVE_ARCH = YES;
				SDKROOT = iphoneos;
				SWIFT_ACTIVE_COMPILATION_CONDITIONS = DEBUG;
				SWIFT_OPTIMIZATION_LEVEL = "-Onone";
			};
			name = Debug;
		};
		B8670B6228A9639F00B5974A /* Release */ = {
			isa = XCBuildConfiguration;
			buildSettings = {
				ALWAYS_SEARCH_USER_PATHS = NO;
				CLANG_ANALYZER_NONNULL = YES;
				CLANG_ANALYZER_NUMBER_OBJECT_CONVERSION = YES_AGGRESSIVE;
				CLANG_CXX_LANGUAGE_STANDARD = "gnu++17";
				CLANG_ENABLE_MODULES = YES;
				CLANG_ENABLE_OBJC_ARC = YES;
				CLANG_ENABLE_OBJC_WEAK = YES;
				CLANG_WARN_BLOCK_CAPTURE_AUTORELEASING = YES;
				CLANG_WARN_BOOL_CONVERSION = YES;
				CLANG_WARN_COMMA = YES;
				CLANG_WARN_CONSTANT_CONVERSION = YES;
				CLANG_WARN_DEPRECATED_OBJC_IMPLEMENTATIONS = YES;
				CLANG_WARN_DIRECT_OBJC_ISA_USAGE = YES_ERROR;
				CLANG_WARN_DOCUMENTATION_COMMENTS = YES;
				CLANG_WARN_EMPTY_BODY = YES;
				CLANG_WARN_ENUM_CONVERSION = YES;
				CLANG_WARN_INFINITE_RECURSION = YES;
				CLANG_WARN_INT_CONVERSION = YES;
				CLANG_WARN_NON_LITERAL_NULL_CONVERSION = YES;
				CLANG_WARN_OBJC_IMPLICIT_RETAIN_SELF = YES;
				CLANG_WARN_OBJC_LITERAL_CONVERSION = YES;
				CLANG_WARN_OBJC_ROOT_CLASS = YES_ERROR;
				CLANG_WARN_QUOTED_INCLUDE_IN_FRAMEWORK_HEADER = YES;
				CLANG_WARN_RANGE_LOOP_ANALYSIS = YES;
				CLANG_WARN_STRICT_PROTOTYPES = YES;
				CLANG_WARN_SUSPICIOUS_MOVE = YES;
				CLANG_WARN_UNGUARDED_AVAILABILITY = YES_AGGRESSIVE;
				CLANG_WARN_UNREACHABLE_CODE = YES;
				CLANG_WARN__DUPLICATE_METHOD_MATCH = YES;
				COPY_PHASE_STRIP = NO;
				DEBUG_INFORMATION_FORMAT = "dwarf-with-dsym";
				ENABLE_NS_ASSERTIONS = NO;
				ENABLE_STRICT_OBJC_MSGSEND = YES;
				GCC_C_LANGUAGE_STANDARD = gnu11;
				GCC_NO_COMMON_BLOCKS = YES;
				GCC_WARN_64_TO_32_BIT_CONVERSION = YES;
				GCC_WARN_ABOUT_RETURN_TYPE = YES_ERROR;
				GCC_WARN_UNDECLARED_SELECTOR = YES;
				GCC_WARN_UNINITIALIZED_AUTOS = YES_AGGRESSIVE;
				GCC_WARN_UNUSED_FUNCTION = YES;
				GCC_WARN_UNUSED_VARIABLE = YES;
				IPHONEOS_DEPLOYMENT_TARGET = 15.5;
				MTL_ENABLE_DEBUG_INFO = NO;
				MTL_FAST_MATH = YES;
				SDKROOT = iphoneos;
				SWIFT_COMPILATION_MODE = wholemodule;
				SWIFT_OPTIMIZATION_LEVEL = "-O";
				VALIDATE_PRODUCT = YES;
			};
			name = Release;
		};
		B8670B6428A9639F00B5974A /* Debug */ = {
			isa = XCBuildConfiguration;
			buildSettings = {
				ASSETCATALOG_COMPILER_APPICON_NAME = AppIcon;
				ASSETCATALOG_COMPILER_GLOBAL_ACCENT_COLOR_NAME = AccentColor;
				CODE_SIGN_STYLE = Automatic;
				CURRENT_PROJECT_VERSION = 1;
				GENERATE_INFOPLIST_FILE = YES;
				INFOPLIST_FILE = ConvertidorTemperatura/Info.plist;
				INFOPLIST_KEY_UIApplicationSupportsIndirectInputEvents = YES;
				INFOPLIST_KEY_UILaunchStoryboardName = LaunchScreen;
				INFOPLIST_KEY_UIMainStoryboardFile = Main;
				INFOPLIST_KEY_UISupportedInterfaceOrientations_iPad = "UIInterfaceOrientationPortrait UIInterfaceOrientationPortraitUpsideDown UIInterfaceOrientationLandscapeLeft UIInterfaceOrientationLandscapeRight";
				INFOPLIST_KEY_UISupportedInterfaceOrientations_iPhone = "UIInterfaceOrientationPortrait UIInterfaceOrientationLandscapeLeft UIInterfaceOrientationLandscapeRight";
				LD_RUNPATH_SEARCH_PATHS = (
					"$(inherited)",
					"@executable_path/Frameworks",
				);
				MARKETING_VERSION = 1.0;
				PRODUCT_BUNDLE_IDENTIFIER = tecmonterrey.ConvertidorTemperatura;
				PRODUCT_NAME = "$(TARGET_NAME)";
				SWIFT_EMIT_LOC_STRINGS = YES;
				SWIFT_VERSION = 5.0;
				TARGETED_DEVICE_FAMILY = "1,2";
			};
			name = Debug;
		};
		B8670B6528A9639F00B5974A /* Release */ = {
			isa = XCBuildConfiguration;
			buildSettings = {
				ASSETCATALOG_COMPILER_APPICON_NAME = AppIcon;
				ASSETCATALOG_COMPILER_GLOBAL_ACCENT_COLOR_NAME = AccentColor;
				CODE_SIGN_STYLE = Automatic;
				CURRENT_PROJECT_VERSION = 1;
				GENERATE_INFOPLIST_FILE = YES;
				INFOPLIST_FILE = ConvertidorTemperatura/Info.plist;
				INFOPLIST_KEY_UIApplicationSupportsIndirectInputEvents = YES;
				INFOPLIST_KEY_UILaunchStoryboardName = LaunchScreen;
				INFOPLIST_KEY_UIMainStoryboardFile = Main;
				INFOPLIST_KEY_UISupportedInterfaceOrientations_iPad = "UIInterfaceOrientationPortrait UIInterfaceOrientationPortraitUpsideDown UIInterfaceOrientationLandscapeLeft UIInterfaceOrientationLandscapeRight";
				INFOPLIST_KEY_UISupportedInterfaceOrientations_iPhone = "UIInterfaceOrientationPortrait UIInterfaceOrientationLandscapeLeft UIInterfaceOrientationLandscapeRight";
				LD_RUNPATH_SEARCH_PATHS = (
					"$(inherited)",
					"@executable_path/Frameworks",
				);
				MARKETING_VERSION = 1.0;
				PRODUCT_BUNDLE_IDENTIFIER = tecmonterrey.ConvertidorTemperatura;
				PRODUCT_NAME = "$(TARGET_NAME)";
				SWIFT_EMIT_LOC_STRINGS = YES;
				SWIFT_VERSION = 5.0;
				TARGETED_DEVICE_FAMILY = "1,2";
			};
			name = Release;
		};
		B8670B6728A9639F00B5974A /* Debug */ = {
			isa = XCBuildConfiguration;
			buildSettings = {
				ALWAYS_EMBED_SWIFT_STANDARD_LIBRARIES = YES;
				BUNDLE_LOADER = "$(TEST_HOST)";
				CODE_SIGN_STYLE = Automatic;
				CURRENT_PROJECT_VERSION = 1;
				GENERATE_INFOPLIST_FILE = YES;
				IPHONEOS_DEPLOYMENT_TARGET = 15.5;
				MARKETING_VERSION = 1.0;
				PRODUCT_BUNDLE_IDENTIFIER = tecmonterrey.ConvertidorTemperaturaTests;
				PRODUCT_NAME = "$(TARGET_NAME)";
				SWIFT_EMIT_LOC_STRINGS = NO;
				SWIFT_VERSION = 5.0;
				TARGETED_DEVICE_FAMILY = "1,2";
				TEST_HOST = "$(BUILT_PRODUCTS_DIR)/ConvertidorTemperatura.app/ConvertidorTemperatura";
			};
			name = Debug;
		};
		B8670B6828A9639F00B5974A /* Release */ = {
			isa = XCBuildConfiguration;
			buildSettings = {
				ALWAYS_EMBED_SWIFT_STANDARD_LIBRARIES = YES;
				BUNDLE_LOADER = "$(TEST_HOST)";
				CODE_SIGN_STYLE = Automatic;
				CURRENT_PROJECT_VERSION = 1;
				GENERATE_INFOPLIST_FILE = YES;
				IPHONEOS_DEPLOYMENT_TARGET = 15.5;
				MARKETING_VERSION = 1.0;
				PRODUCT_BUNDLE_IDENTIFIER = tecmonterrey.ConvertidorTemperaturaTests;
				PRODUCT_NAME = "$(TARGET_NAME)";
				SWIFT_EMIT_LOC_STRINGS = NO;
				SWIFT_VERSION = 5.0;
				TARGETED_DEVICE_FAMILY = "1,2";
				TEST_HOST = "$(BUILT_PRODUCTS_DIR)/ConvertidorTemperatura.app/ConvertidorTemperatura";
			};
			name = Release;
		};
		B8670B6A28A9639F00B5974A /* Debug */ = {
			isa = XCBuildConfiguration;
			buildSettings = {
				ALWAYS_EMBED_SWIFT_STANDARD_LIBRARIES = YES;
				CODE_SIGN_STYLE = Automatic;
				CURRENT_PROJECT_VERSION = 1;
				GENERATE_INFOPLIST_FILE = YES;
				MARKETING_VERSION = 1.0;
				PRODUCT_BUNDLE_IDENTIFIER = tecmonterrey.ConvertidorTemperaturaUITests;
				PRODUCT_NAME = "$(TARGET_NAME)";
				SWIFT_EMIT_LOC_STRINGS = NO;
				SWIFT_VERSION = 5.0;
				TARGETED_DEVICE_FAMILY = "1,2";
				TEST_TARGET_NAME = ConvertidorTemperatura;
			};
			name = Debug;
		};
		B8670B6B28A9639F00B5974A /* Release */ = {
			isa = XCBuildConfiguration;
			buildSettings = {
				ALWAYS_EMBED_SWIFT_STANDARD_LIBRARIES = YES;
				CODE_SIGN_STYLE = Automatic;
				CURRENT_PROJECT_VERSION = 1;
				GENERATE_INFOPLIST_FILE = YES;
				MARKETING_VERSION = 1.0;
				PRODUCT_BUNDLE_IDENTIFIER = tecmonterrey.ConvertidorTemperaturaUITests;
				PRODUCT_NAME = "$(TARGET_NAME)";
				SWIFT_EMIT_LOC_STRINGS = NO;
				SWIFT_VERSION = 5.0;
				TARGETED_DEVICE_FAMILY = "1,2";
				TEST_TARGET_NAME = ConvertidorTemperatura;
			};
			name = Release;
		};
/* End XCBuildConfiguration section */

/* Begin XCConfigurationList section */
		B8670B3428A9639E00B5974A /* Build configuration list for PBXProject "ConvertidorTemperatura" */ = {
			isa = XCConfigurationList;
			buildConfigurations = (
				B8670B6128A9639F00B5974A /* Debug */,
				B8670B6228A9639F00B5974A /* Release */,
			);
			defaultConfigurationIsVisible = 0;
			defaultConfigurationName = Release;
		};
		B8670B6328A9639F00B5974A /* Build configuration list for PBXNativeTarget "ConvertidorTemperatura" */ = {
			isa = XCConfigurationList;
			buildConfigurations = (
				B8670B6428A9639F00B5974A /* Debug */,
				B8670B6528A9639F00B5974A /* Release */,
			);
			defaultConfigurationIsVisible = 0;
			defaultConfigurationName = Release;
		};
		B8670B6628A9639F00B5974A /* Build configuration list for PBXNativeTarget "ConvertidorTemperaturaTests" */ = {
			isa = XCConfigurationList;
			buildConfigurations = (
				B8670B6728A9639F00B5974A /* Debug */,
				B8670B6828A9639F00B5974A /* Release */,
			);
			defaultConfigurationIsVisible = 0;
			defaultConfigurationName = Release;
		};
		B8670B6928A9639F00B5974A /* Build configuration list for PBXNativeTarget "ConvertidorTemperaturaUITests" */ = {
			isa = XCConfigurationList;
			buildConfigurations = (
				B8670B6A28A9639F00B5974A /* Debug */,
				B8670B6B28A9639F00B5974A /* Release */,
			);
			defaultConfigurationIsVisible = 0;
			defaultConfigurationName = Release;
		};
/* End XCConfigurationList section */
	};
	rootObject = B8670B3128A9639E00B5974A /* Project object */;
}
